
Microsoft Visual Studio Solution File, Format Version 12.00
# Visual Studio Version 17
VisualStudioVersion = 17.0.32112.339
MinimumVisualStudioVersion = 10.0.40219.1
Project("{2150E333-8FDC-42A3-9474-1A3956D46DE8}") = "Shop", "Shop", "{40B6D3AE-CA3F-4DF8-8423-0D9A2FB5A022}"
EndProject
Project("{9A19103F-16F7-4668-BE54-9A1E7A4F7556}") = "BookShop.Domain", "Shop\BookShop.Domain\BookShop.Domain.csproj", "{A7971235-29EE-4B2E-82BD-EF9D92F79065}"
EndProject
Project("{9A19103F-16F7-4668-BE54-9A1E7A4F7556}") = "BookShop.Application", "Shop\BookShop.Application\BookShop.Application.csproj", "{B0D32BEC-5C79-4ED9-B909-A7A28C9BBEAC}"
EndProject
Project("{9A19103F-16F7-4668-BE54-9A1E7A4F7556}") = "BookShop.Infrastructure", "Shop\BookShop.Infrastructure\BookShop.Infrastructure.csproj", "{E2324F0C-4817-44FF-8014-97341A799DCA}"
EndProject
Project("{9A19103F-16F7-4668-BE54-9A1E7A4F7556}") = "BookShop.Query", "Shop\BookShop.Query\BookShop.Query.csproj", "{9D82436A-DFFF-45E6-9E14-69380E2FD3C3}"
EndProject
Project("{2150E333-8FDC-42A3-9474-1A3956D46DE8}") = "Common", "Common", "{4C793FAA-5476-4570-980F-1FD993EAF44C}"
EndProject
Project("{9A19103F-16F7-4668-BE54-9A1E7A4F7556}") = "Common.Domain", "Common\Common.Domain\Common.Domain.csproj", "{CEA45A66-9BF8-4590-84BE-39714EA0BCE5}"
EndProject
Project("{9A19103F-16F7-4668-BE54-9A1E7A4F7556}") = "Common.Application", "Common\Common.Application\Common.Application.csproj", "{9C9CB5A5-046A-4A29-9579-E66F8E951DA5}"
EndProject
Project("{9A19103F-16F7-4668-BE54-9A1E7A4F7556}") = "BookShop.Presentation.Facade", "Shop\BookShop.Presentation.Facade\BookShop.Presentation.Facade.csproj", "{C25CF545-EAC6-4C54-A486-FCDC4F27E499}"
EndProject
Project("{9A19103F-16F7-4668-BE54-9A1E7A4F7556}") = "BookShop.Configuration", "Shop\BookShop.Configuration\BookShop.Configuration.csproj", "{6C4BC314-D94A-47CB-AA58-81DBF496766C}"
EndProject
Project("{2150E333-8FDC-42A3-9474-1A3956D46DE8}") = "EndPoints", "EndPoints", "{F375882D-275E-4392-858E-E12EDE829DD3}"
EndProject
Project("{9A19103F-16F7-4668-BE54-9A1E7A4F7556}") = "BookShop.API", "Shop\BookShop.API\BookShop.API.csproj", "{E03BA007-DB8B-44B0-975F-D924A713D8F5}"
EndProject
Project("{FAE04EC0-301F-11D3-BF4B-00C04F79EFBC}") = "Common.AspNetCore", "Common\Common.AspNetCore\Common.AspNetCore.csproj", "{E82ACDAA-7A67-4E87-BEC2-C725ABE618FF}"
EndProject
Project("{FAE04EC0-301F-11D3-BF4B-00C04F79EFBC}") = "Common.Query", "Common\Common.Query\Common.Query.csproj", "{4C3788CF-8C2A-4179-9B2E-FFC703CD9F92}"
EndProject
Global
	GlobalSection(SolutionConfigurationPlatforms) = preSolution
		Debug|Any CPU = Debug|Any CPU
		Release|Any CPU = Release|Any CPU
	EndGlobalSection
	GlobalSection(ProjectConfigurationPlatforms) = postSolution
		{A7971235-29EE-4B2E-82BD-EF9D92F79065}.Debug|Any CPU.ActiveCfg = Debug|Any CPU
		{A7971235-29EE-4B2E-82BD-EF9D92F79065}.Debug|Any CPU.Build.0 = Debug|Any CPU
		{A7971235-29EE-4B2E-82BD-EF9D92F79065}.Release|Any CPU.ActiveCfg = Release|Any CPU
		{A7971235-29EE-4B2E-82BD-EF9D92F79065}.Release|Any CPU.Build.0 = Release|Any CPU
		{B0D32BEC-5C79-4ED9-B909-A7A28C9BBEAC}.Debug|Any CPU.ActiveCfg = Debug|Any CPU
		{B0D32BEC-5C79-4ED9-B909-A7A28C9BBEAC}.Debug|Any CPU.Build.0 = Debug|Any CPU
		{B0D32BEC-5C79-4ED9-B909-A7A28C9BBEAC}.Release|Any CPU.ActiveCfg = Release|Any CPU
		{B0D32BEC-5C79-4ED9-B909-A7A28C9BBEAC}.Release|Any CPU.Build.0 = Release|Any CPU
		{E2324F0C-4817-44FF-8014-97341A799DCA}.Debug|Any CPU.ActiveCfg = Debug|Any CPU
		{E2324F0C-4817-44FF-8014-97341A799DCA}.Debug|Any CPU.Build.0 = Debug|Any CPU
		{E2324F0C-4817-44FF-8014-97341A799DCA}.Release|Any CPU.ActiveCfg = Release|Any CPU
		{E2324F0C-4817-44FF-8014-97341A799DCA}.Release|Any CPU.Build.0 = Release|Any CPU
		{9D82436A-DFFF-45E6-9E14-69380E2FD3C3}.Debug|Any CPU.ActiveCfg = Debug|Any CPU
		{9D82436A-DFFF-45E6-9E14-69380E2FD3C3}.Debug|Any CPU.Build.0 = Debug|Any CPU
		{9D82436A-DFFF-45E6-9E14-69380E2FD3C3}.Release|Any CPU.ActiveCfg = Release|Any CPU
		{9D82436A-DFFF-45E6-9E14-69380E2FD3C3}.Release|Any CPU.Build.0 = Release|Any CPU
		{CEA45A66-9BF8-4590-84BE-39714EA0BCE5}.Debug|Any CPU.ActiveCfg = Debug|Any CPU
		{CEA45A66-9BF8-4590-84BE-39714EA0BCE5}.Debug|Any CPU.Build.0 = Debug|Any CPU
		{CEA45A66-9BF8-4590-84BE-39714EA0BCE5}.Release|Any CPU.ActiveCfg = Release|Any CPU
		{CEA45A66-9BF8-4590-84BE-39714EA0BCE5}.Release|Any CPU.Build.0 = Release|Any CPU
		{9C9CB5A5-046A-4A29-9579-E66F8E951DA5}.Debug|Any CPU.ActiveCfg = Debug|Any CPU
		{9C9CB5A5-046A-4A29-9579-E66F8E951DA5}.Debug|Any CPU.Build.0 = Debug|Any CPU
		{9C9CB5A5-046A-4A29-9579-E66F8E951DA5}.Release|Any CPU.ActiveCfg = Release|Any CPU
		{9C9CB5A5-046A-4A29-9579-E66F8E951DA5}.Release|Any CPU.Build.0 = Release|Any CPU
		{C25CF545-EAC6-4C54-A486-FCDC4F27E499}.Debug|Any CPU.ActiveCfg = Debug|Any CPU
		{C25CF545-EAC6-4C54-A486-FCDC4F27E499}.Debug|Any CPU.Build.0 = Debug|Any CPU
		{C25CF545-EAC6-4C54-A486-FCDC4F27E499}.Release|Any CPU.ActiveCfg = Release|Any CPU
		{C25CF545-EAC6-4C54-A486-FCDC4F27E499}.Release|Any CPU.Build.0 = Release|Any CPU
		{6C4BC314-D94A-47CB-AA58-81DBF496766C}.Debug|Any CPU.ActiveCfg = Debug|Any CPU
		{6C4BC314-D94A-47CB-AA58-81DBF496766C}.Debug|Any CPU.Build.0 = Debug|Any CPU
		{6C4BC314-D94A-47CB-AA58-81DBF496766C}.Release|Any CPU.ActiveCfg = Release|Any CPU
		{6C4BC314-D94A-47CB-AA58-81DBF496766C}.Release|Any CPU.Build.0 = Release|Any CPU
		{E03BA007-DB8B-44B0-975F-D924A713D8F5}.Debug|Any CPU.ActiveCfg = Debug|Any CPU
		{E03BA007-DB8B-44B0-975F-D924A713D8F5}.Debug|Any CPU.Build.0 = Debug|Any CPU
		{E03BA007-DB8B-44B0-975F-D924A713D8F5}.Release|Any CPU.ActiveCfg = Release|Any CPU
		{E03BA007-DB8B-44B0-975F-D924A713D8F5}.Release|Any CPU.Build.0 = Release|Any CPU
		{E82ACDAA-7A67-4E87-BEC2-C725ABE618FF}.Debug|Any CPU.ActiveCfg = Debug|Any CPU
		{E82ACDAA-7A67-4E87-BEC2-C725ABE618FF}.Debug|Any CPU.Build.0 = Debug|Any CPU
		{E82ACDAA-7A67-4E87-BEC2-C725ABE618FF}.Release|Any CPU.ActiveCfg = Release|Any CPU
		{E82ACDAA-7A67-4E87-BEC2-C725ABE618FF}.Release|Any CPU.Build.0 = Release|Any CPU
		{4C3788CF-8C2A-4179-9B2E-FFC703CD9F92}.Debug|Any CPU.ActiveCfg = Debug|Any CPU
		{4C3788CF-8C2A-4179-9B2E-FFC703CD9F92}.Debug|Any CPU.Build.0 = Debug|Any CPU
		{4C3788CF-8C2A-4179-9B2E-FFC703CD9F92}.Release|Any CPU.ActiveCfg = Release|Any CPU
		{4C3788CF-8C2A-4179-9B2E-FFC703CD9F92}.Release|Any CPU.Build.0 = Release|Any CPU
	EndGlobalSection
	GlobalSection(SolutionProperties) = preSolution
		HideSolutionNode = FALSE
	EndGlobalSection
	GlobalSection(NestedProjects) = preSolution
		{A7971235-29EE-4B2E-82BD-EF9D92F79065} = {40B6D3AE-CA3F-4DF8-8423-0D9A2FB5A022}
		{B0D32BEC-5C79-4ED9-B909-A7A28C9BBEAC} = {40B6D3AE-CA3F-4DF8-8423-0D9A2FB5A022}
		{E2324F0C-4817-44FF-8014-97341A799DCA} = {40B6D3AE-CA3F-4DF8-8423-0D9A2FB5A022}
		{9D82436A-DFFF-45E6-9E14-69380E2FD3C3} = {40B6D3AE-CA3F-4DF8-8423-0D9A2FB5A022}
		{CEA45A66-9BF8-4590-84BE-39714EA0BCE5} = {4C793FAA-5476-4570-980F-1FD993EAF44C}
		{9C9CB5A5-046A-4A29-9579-E66F8E951DA5} = {4C793FAA-5476-4570-980F-1FD993EAF44C}
		{C25CF545-EAC6-4C54-A486-FCDC4F27E499} = {40B6D3AE-CA3F-4DF8-8423-0D9A2FB5A022}
		{6C4BC314-D94A-47CB-AA58-81DBF496766C} = {40B6D3AE-CA3F-4DF8-8423-0D9A2FB5A022}
		{F375882D-275E-4392-858E-E12EDE829DD3} = {40B6D3AE-CA3F-4DF8-8423-0D9A2FB5A022}
		{E03BA007-DB8B-44B0-975F-D924A713D8F5} = {F375882D-275E-4392-858E-E12EDE829DD3}
		{E82ACDAA-7A67-4E87-BEC2-C725ABE618FF} = {4C793FAA-5476-4570-980F-1FD993EAF44C}
		{4C3788CF-8C2A-4179-9B2E-FFC703CD9F92} = {4C793FAA-5476-4570-980F-1FD993EAF44C}
	EndGlobalSection
	GlobalSection(ExtensibilityGlobals) = postSolution
		SolutionGuid = {02DB48AF-78ED-4CE2-92DE-D716BD96085B}
	EndGlobalSection
EndGlobal
